
Microsoft Visual Studio Solution File, Format Version 12.00
# Visual Studio Version 17
VisualStudioVersion = 17.0.31903.59
MinimumVisualStudioVersion = 10.0.40219.1
Project("{FAE04EC0-301F-11D3-BF4B-00C04F79EFBC}") = "MetricsOOP.UI", "MetricsOOP.UI\MetricsOOP.UI.csproj", "{C0109630-4C3E-4489-BB81-C31AC994ADEC}"
EndProject
Project("{FAE04EC0-301F-11D3-BF4B-00C04F79EFBC}") = "MetricsOOP.Core", "MetricsOOP.Core\MetricsOOP.Core.csproj", "{EE69E30B-4CBD-484C-B838-1AA27AFAA76A}"
EndProject
Project("{FAE04EC0-301F-11D3-BF4B-00C04F79EFBC}") = "MetricsOOP.Example", "MetricsOOP.Example\MetricsOOP.Example.csproj", "{55FAEC58-486D-4E9E-A82B-616BD3545230}"
EndProject
Global
	GlobalSection(SolutionConfigurationPlatforms) = preSolution
		Debug|Any CPU = Debug|Any CPU
		Debug|x64 = Debug|x64
		Debug|x86 = Debug|x86
		Release|Any CPU = Release|Any CPU
		Release|x64 = Release|x64
		Release|x86 = Release|x86
	EndGlobalSection
	GlobalSection(ProjectConfigurationPlatforms) = postSolution
		{C0109630-4C3E-4489-BB81-C31AC994ADEC}.Debug|Any CPU.ActiveCfg = Debug|Any CPU
		{C0109630-4C3E-4489-BB81-C31AC994ADEC}.Debug|Any CPU.Build.0 = Debug|Any CPU
		{C0109630-4C3E-4489-BB81-C31AC994ADEC}.Debug|x64.ActiveCfg = Debug|Any CPU
		{C0109630-4C3E-4489-BB81-C31AC994ADEC}.Debug|x64.Build.0 = Debug|Any CPU
		{C0109630-4C3E-4489-BB81-C31AC994ADEC}.Debug|x86.ActiveCfg = Debug|Any CPU
		{C0109630-4C3E-4489-BB81-C31AC994ADEC}.Debug|x86.Build.0 = Debug|Any CPU
		{C0109630-4C3E-4489-BB81-C31AC994ADEC}.Release|Any CPU.ActiveCfg = Release|Any CPU
		{C0109630-4C3E-4489-BB81-C31AC994ADEC}.Release|Any CPU.Build.0 = Release|Any CPU
		{C0109630-4C3E-4489-BB81-C31AC994ADEC}.Release|x64.ActiveCfg = Release|Any CPU
		{C0109630-4C3E-4489-BB81-C31AC994ADEC}.Release|x64.Build.0 = Release|Any CPU
		{C0109630-4C3E-4489-BB81-C31AC994ADEC}.Release|x86.ActiveCfg = Release|Any CPU
		{C0109630-4C3E-4489-BB81-C31AC994ADEC}.Release|x86.Build.0 = Release|Any CPU
		{EE69E30B-4CBD-484C-B838-1AA27AFAA76A}.Debug|Any CPU.ActiveCfg = Debug|Any CPU
		{EE69E30B-4CBD-484C-B838-1AA27AFAA76A}.Debug|Any CPU.Build.0 = Debug|Any CPU
		{EE69E30B-4CBD-484C-B838-1AA27AFAA76A}.Debug|x64.ActiveCfg = Debug|Any CPU
		{EE69E30B-4CBD-484C-B838-1AA27AFAA76A}.Debug|x64.Build.0 = Debug|Any CPU
		{EE69E30B-4CBD-484C-B838-1AA27AFAA76A}.Debug|x86.ActiveCfg = Debug|Any CPU
		{EE69E30B-4CBD-484C-B838-1AA27AFAA76A}.Debug|x86.Build.0 = Debug|Any CPU
		{EE69E30B-4CBD-484C-B838-1AA27AFAA76A}.Release|Any CPU.ActiveCfg = Release|Any CPU
		{EE69E30B-4CBD-484C-B838-1AA27AFAA76A}.Release|Any CPU.Build.0 = Release|Any CPU
		{EE69E30B-4CBD-484C-B838-1AA27AFAA76A}.Release|x64.ActiveCfg = Release|Any CPU
		{EE69E30B-4CBD-484C-B838-1AA27AFAA76A}.Release|x64.Build.0 = Release|Any CPU
		{EE69E30B-4CBD-484C-B838-1AA27AFAA76A}.Release|x86.ActiveCfg = Release|Any CPU
		{EE69E30B-4CBD-484C-B838-1AA27AFAA76A}.Release|x86.Build.0 = Release|Any CPU
		{55FAEC58-486D-4E9E-A82B-616BD3545230}.Debug|Any CPU.ActiveCfg = Debug|Any CPU
		{55FAEC58-486D-4E9E-A82B-616BD3545230}.Debug|Any CPU.Build.0 = Debug|Any CPU
		{55FAEC58-486D-4E9E-A82B-616BD3545230}.Debug|x64.ActiveCfg = Debug|Any CPU
		{55FAEC58-486D-4E9E-A82B-616BD3545230}.Debug|x64.Build.0 = Debug|Any CPU
		{55FAEC58-486D-4E9E-A82B-616BD3545230}.Debug|x86.ActiveCfg = Debug|Any CPU
		{55FAEC58-486D-4E9E-A82B-616BD3545230}.Debug|x86.Build.0 = Debug|Any CPU
		{55FAEC58-486D-4E9E-A82B-616BD3545230}.Release|Any CPU.ActiveCfg = Release|Any CPU
		{55FAEC58-486D-4E9E-A82B-616BD3545230}.Release|Any CPU.Build.0 = Release|Any CPU
		{55FAEC58-486D-4E9E-A82B-616BD3545230}.Release|x64.ActiveCfg = Release|Any CPU
		{55FAEC58-486D-4E9E-A82B-616BD3545230}.Release|x64.Build.0 = Release|Any CPU
		{55FAEC58-486D-4E9E-A82B-616BD3545230}.Release|x86.ActiveCfg = Release|Any CPU
		{55FAEC58-486D-4E9E-A82B-616BD3545230}.Release|x86.Build.0 = Release|Any CPU
	EndGlobalSection
	GlobalSection(SolutionProperties) = preSolution
		HideSolutionNode = FALSE
	EndGlobalSection
EndGlobal
